// !$*UTF8*$!
{
	archiveVersion = 1;
	classes = {
	};
	objectVersion = 46;
	objects = {

/* Begin PBXBuildFile section */
		562F37321C95E6D200A7D8F2 /* main.m in Sources */ = {isa = PBXBuildFile; fileRef = 562F37311C95E6D200A7D8F2 /* main.m */; };
		562F373A1C95E6E200A7D8F2 /* XYPoint.m in Sources */ = {isa = PBXBuildFile; fileRef = 562F37391C95E6E200A7D8F2 /* XYPoint.m */; };
/* End PBXBuildFile section */

/* Begin PBXCopyFilesBuildPhase section */
		562F372C1C95E6D200A7D8F2 /* CopyFiles */ = {
			isa = PBXCopyFilesBuildPhase;
			buildActionMask = 2147483647;
			dstPath = /usr/share/man/man1/;
			dstSubfolderSpec = 0;
			files = (
			);
			runOnlyForDeploymentPostprocessing = 1;
		};
/* End PBXCopyFilesBuildPhase section */

/* Begin PBXFileReference section */
		562F372E1C95E6D200A7D8F2 /* wch_8.5-6 */ = {isa = PBXFileReference; explicitFileType = "compiled.mach-o.executable"; includeInIndex = 0; path = "wch_8.5-6"; sourceTree = BUILT_PRODUCTS_DIR; };
		562F37311C95E6D200A7D8F2 /* main.m */ = {isa = PBXFileReference; lastKnownFileType = sourcecode.c.objc; path = main.m; sourceTree = "<group>"; };
		562F37381C95E6E200A7D8F2 /* XYPoint.h */ = {isa = PBXFileReference; fileEncoding = 4; lastKnownFileType = sourcecode.c.h; name = XYPoint.h; path = ../XYPoint.h; sourceTree = "<group>"; };
		562F37391C95E6E200A7D8F2 /* XYPoint.m */ = {isa = PBXFileReference; fileEncoding = 4; lastKnownFileType = sourcecode.c.objc; name = XYPoint.m; path = ../XYPoint.m; sourceTree = "<group>"; };
/* End PBXFileReference section */

/* Begin PBXFrameworksBuildPhase section */
		562F372B1C95E6D200A7D8F2 /* Frameworks */ = {
			isa = PBXFrameworksBuildPhase;
			buildActionMask = 2147483647;
			files = (
			);
			runOnlyForDeploymentPostprocessing = 0;
		};
/* End PBXFrameworksBuildPhase section */

/* Begin PBXGroup section */
		562F37251C95E6D200A7D8F2 = {
			isa = PBXGroup;
			children = (
				562F37301C95E6D200A7D8F2 /* wch_8.5-6 */,
				562F372F1C95E6D200A7D8F2 /* Products */,
			);
			sourceTree = "<group>";
		};
		562F372F1C95E6D200A7D8F2 /* Products */ = {
			isa = PBXGroup;
			children = (
				562F372E1C95E6D200A7D8F2 /* wch_8.5-6 */,
			);
			name = Products;
			sourceTree = "<group>";
		};
		562F37301C95E6D200A7D8F2 /* wch_8.5-6 */ = {
			isa = PBXGroup;
			children = (
				562F37381C95E6E200A7D8F2 /* XYPoint.h */,
				562F37391C95E6E200A7D8F2 /* XYPoint.m */,
				562F37311C95E6D200A7D8F2 /* main.m */,
			);
			path = "wch_8.5-6";
			sourceTree = "<group>";
		};
/* End PBXGroup section */

/* Begin PBXNativeTarget section */
		562F372D1C95E6D200A7D8F2 /* wch_8.5-6 */ = {
			isa = PBXNativeTarget;
			buildConfigurationList = 562F37351C95E6D200A7D8F2 /* Build configuration list for PBXNativeTarget "wch_8.5-6" */;
			buildPhases = (
				562F372A1C95E6D200A7D8F2 /* Sources */,
				562F372B1C95E6D200A7D8F2 /* Frameworks */,
				562F372C1C95E6D200A7D8F2 /* CopyFiles */,
			);
			buildRules = (
			);
			dependencies = (
			);
			name = "wch_8.5-6";
			productName = "wch_8.5-6";
			productReference = 562F372E1C95E6D200A7D8F2 /* wch_8.5-6 */;
			productType = "com.apple.product-type.tool";
		};
/* End PBXNativeTarget section */

/* Begin PBXProject section */
		562F37261C95E6D200A7D8F2 /* Project object */ = {
			isa = PBXProject;
			attributes = {
				LastUpgradeCheck = 0720;
				ORGANIZATIONNAME = "Hankid Wang";
				TargetAttributes = {
					562F372D1C95E6D200A7D8F2 = {
						CreatedOnToolsVersion = 7.2.1;
					};
				};
			};
			buildConfigurationList = 562F37291C95E6D200A7D8F2 /* Build configuration list for PBXProject "wch_8.5-6" */;
			compatibilityVersion = "Xcode 3.2";
			developmentRegion = English;
			hasScannedForEncodings = 0;
			knownRegions = (
				en,
			);
			mainGroup = 562F37251C95E6D200A7D8F2;
			productRefGroup = 562F372F1C95E6D200A7D8F2 /* Products */;
			projectDirPath = "";
			projectRoot = "";
			targets = (
				562F372D1C95E6D200A7D8F2 /* wch_8.5-6 */,
			);
		};
/* End PBXProject section */

/* Begin PBXSourcesBuildPhase section */
		562F372A1C95E6D200A7D8F2 /* Sources */ = {
			isa = PBXSourcesBuildPhase;
			buildActionMask = 2147483647;
			files = (
				562F37321C95E6D200A7D8F2 /* main.m in Sources */,
				562F373A1C95E6E200A7D8F2 /* XYPoint.m in Sources */,
			);
			runOnlyForDeploymentPostprocessing = 0;
		};
/* End PBXSourcesBuildPhase section */

/* Begin XCBuildConfiguration section */
		562F37331C95E6D200A7D8F2 /* Debug */ = {
			isa = XCBuildConfiguration;
			buildSettings = {
				ALWAYS_SEARCH_USER_PATHS = NO;
				CLANG_CXX_LANGUAGE_STANDARD = "gnu++0x";
				CLANG_CXX_LIBRARY = "libc++";
				CLANG_ENABLE_MODULES = YES;
				CLANG_ENABLE_OBJC_ARC = YES;
				CLANG_WARN_BOOL_CONVERSION = YES;
				CLANG_WARN_CONSTANT_CONVERSION = YES;
				CLANG_WARN_DIRECT_OBJC_ISA_USAGE = YES_ERROR;
				CLANG_WARN_EMPTY_BODY = YES;
				CLANG_WARN_ENUM_CONVERSION = YES;
				CLANG_WARN_INT_CONVERSION = YES;
				CLANG_WARN_OBJC_ROOT_CLASS = YES_ERROR;
				CLANG_WARN_UNREACHABLE_CODE = YES;
				CLANG_WARN__DUPLICATE_METHOD_MATCH = YES;
				CODE_SIGN_IDENTITY = "-";
				COPY_PHASE_STRIP = NO;
				DEBUG_INFORMATION_FORMAT = dwarf;
				ENABLE_STRICT_OBJC_MSGSEND = YES;
				ENABLE_TESTABILITY = YES;
				GCC_C_LANGUAGE_STANDARD = gnu99;
				GCC_DYNAMIC_NO_PIC = NO;
				GCC_NO_COMMON_BLOCKS = YES;
				GCC_OPTIMIZATION_LEVEL = 0;
				GCC_PREPROCESSOR_DEFINITIONS = (
					"DEBUG=1",
					"$(inherited)",
				);
				GCC_WARN_64_TO_32_BIT_CONVERSION = YES;
				GCC_WARN_ABOUT_RETURN_TYPE = YES_ERROR;
				GCC_WARN_UNDECLARED_SELECTOR = YES;
				GCC_WARN_UNINITIALIZED_AUTOS = YES_AGGRESSIVE;
				GCC_WARN_UNUSED_FUNCTION = YES;
				GCC_WARN_UNUSED_VARIABLE = YES;
				MACOSX_DEPLOYMENT_TARGET = 10.11;
				MTL_ENABLE_DEBUG_INFO = YES;
				ONLY_ACTIVE_ARCH = YES;
				SDKROOT = macosx;
			};
			name = Debug;
		};
		562F37341C95E6D200A7D8F2 /* Release */ = {
			isa = XCBuildConfiguration;
			buildSettings = {
				ALWAYS_SEARCH_USER_PATHS = NO;
				CLANG_CXX_LANGUAGE_STANDARD = "gnu++0x";
				CLANG_CXX_LIBRARY = "libc++";
				CLANG_ENABLE_MODULES = YES;
				CLANG_ENABLE_OBJC_ARC = YES;
				CLANG_WARN_BOOL_CONVERSION = YES;
				CLANG_WARN_CONSTANT_CONVERSION = YES;
				CLANG_WARN_DIRECT_OBJC_ISA_USAGE = YES_ERROR;
				CLANG_WARN_EMPTY_BODY = YES;
				CLANG_WARN_ENUM_CONVERSION = YES;
				CLANG_WARN_INT_CONVERSION = YES;
				CLANG_WARN_OBJC_ROOT_CLASS = YES_ERROR;
				CLANG_WARN_UNREACHABLE_CODE = YES;
				CLANG_WARN__DUPLICATE_METHOD_MATCH = YES;
				CODE_SIGN_IDENTITY = "-";
				COPY_PHASE_STRIP = NO;
				DEBUG_INFORMATION_FORMAT = "dwarf-with-dsym";
				ENABLE_NS_ASSERTIONS = NO;
				ENABLE_STRICT_OBJC_MSGSEND = YES;
				GCC_C_LANGUAGE_STANDARD = gnu99;
				GCC_NO_COMMON_BLOCKS = YES;
				GCC_WARN_64_TO_32_BIT_CONVERSION = YES;
				GCC_WARN_ABOUT_RETURN_TYPE = YES_ERROR;
				GCC_WARN_UNDECLARED_SELECTOR = YES;
				GCC_WARN_UNINITIALIZED_AUTOS = YES_AGGRESSIVE;
				GCC_WARN_UNUSED_FUNCTION = YES;
				GCC_WARN_UNUSED_VARIABLE = YES;
				MACOSX_DEPLOYMENT_TARGET = 10.11;
				MTL_ENABLE_DEBUG_INFO = NO;
				SDKROOT = macosx;
			};
			name = Release;
		};
		562F37361C95E6D200A7D8F2 /* Debug */ = {
			isa = XCBuildConfiguration;
			buildSettings = {
				PRODUCT_NAME = "$(TARGET_NAME)";
			};
			name = Debug;
		};
		562F37371C95E6D200A7D8F2 /* Release */ = {
			isa = XCBuildConfiguration;
			buildSettings = {
				PRODUCT_NAME = "$(TARGET_NAME)";
			};
			name = Release;
		};
/* End XCBuildConfiguration section */

/* Begin XCConfigurationList section */
		562F37291C95E6D200A7D8F2 /* Build configuration list for PBXProject "wch_8.5-6" */ = {
			isa = XCConfigurationList;
			buildConfigurations = (
				562F37331C95E6D200A7D8F2 /* Debug */,
				562F37341C95E6D200A7D8F2 /* Release */,
			);
			defaultConfigurationIsVisible = 0;
			defaultConfigurationName = Release;
		};
		562F37351C95E6D200A7D8F2 /* Build configuration list for PBXNativeTarget "wch_8.5-6" */ = {
			isa = XCConfigurationList;
			buildConfigurations = (
				562F37361C95E6D200A7D8F2 /* Debug */,
				562F37371C95E6D200A7D8F2 /* Release */,
			);
			defaultConfigurationIsVisible = 0;
		};
/* End XCConfigurationList section */
	};
	rootObject = 562F37261C95E6D200A7D8F2 /* Project object */;
}
