// !$*UTF8*$!
{
	archiveVersion = 1;
	classes = {
	};
	objectVersion = 46;
	objects = {

/* Begin PBXBuildFile section */
		D07CF92D1B43C674003CAD7A /* JavaScriptCore.framework in Frameworks */ = {isa = PBXBuildFile; fileRef = D07CF92C1B43C674003CAD7A /* JavaScriptCore.framework */; };
		D08BDA5E1B412B5800C73757 /* libicucore.dylib in Frameworks */ = {isa = PBXBuildFile; fileRef = D08BDA5D1B412B5800C73757 /* libicucore.dylib */; };
		D08BDA601B412B5E00C73757 /* libstdc++.dylib in Frameworks */ = {isa = PBXBuildFile; fileRef = D08BDA5F1B412B5E00C73757 /* libstdc++.dylib */; };
		D08BDA621B412B6500C73757 /* libz.dylib in Frameworks */ = {isa = PBXBuildFile; fileRef = D08BDA611B412B6500C73757 /* libz.dylib */; };
		DE11F3301B7F238700C33072 /* CoreMotion.framework in Frameworks */ = {isa = PBXBuildFile; fileRef = DE11F32F1B7F238700C33072 /* CoreMotion.framework */; };
		DE11F3321B7F239800C33072 /* CoreLocation.framework in Frameworks */ = {isa = PBXBuildFile; fileRef = DE11F3311B7F239800C33072 /* CoreLocation.framework */; };
		DE11F3341B7F23AA00C33072 /* MediaPlayer.framework in Frameworks */ = {isa = PBXBuildFile; fileRef = DE11F3331B7F23AA00C33072 /* MediaPlayer.framework */; };
		DE11F3361B7F23CB00C33072 /* AssetsLibrary.framework in Frameworks */ = {isa = PBXBuildFile; fileRef = DE11F3351B7F23CB00C33072 /* AssetsLibrary.framework */; };
		DE11F3381B7F23D800C33072 /* AddressBook.framework in Frameworks */ = {isa = PBXBuildFile; fileRef = DE11F3371B7F23D800C33072 /* AddressBook.framework */; };
		DE11F3401B7F26EC00C33072 /* ImageIO.framework in Frameworks */ = {isa = PBXBuildFile; fileRef = DE11F33F1B7F26EC00C33072 /* ImageIO.framework */; };
		DE2E83DE1B9D6A1800FDE614 /* libsqlite3.dylib in Frameworks */ = {isa = PBXBuildFile; fileRef = DE2E83DD1B9D6A1800FDE614 /* libsqlite3.dylib */; };
		F8DF7E0E1D0A92920098F09D /* ShareSDK.framework in Frameworks */ = {isa = PBXBuildFile; fileRef = F8DF7DDB1D0A92920098F09D /* ShareSDK.framework */; };
		F8DF7E0F1D0A92920098F09D /* ShareSDKExtension.framework in Frameworks */ = {isa = PBXBuildFile; fileRef = F8DF7DDE1D0A92920098F09D /* ShareSDKExtension.framework */; };
		F8DF7E101D0A92920098F09D /* ShareSDKInterfaceAdapter.framework in Frameworks */ = {isa = PBXBuildFile; fileRef = F8DF7DDF1D0A92920098F09D /* ShareSDKInterfaceAdapter.framework */; };
		F8DF7E111D0A92920098F09D /* ShareSDKUI.bundle in Resources */ = {isa = PBXBuildFile; fileRef = F8DF7DE01D0A92920098F09D /* ShareSDKUI.bundle */; };
		F8DF7E121D0A92920098F09D /* ShareSDKUI.framework in Frameworks */ = {isa = PBXBuildFile; fileRef = F8DF7DE11D0A92920098F09D /* ShareSDKUI.framework */; };
		F8DF7E131D0A92920098F09D /* libAPOpenSdk.a in Frameworks */ = {isa = PBXBuildFile; fileRef = F8DF7DE61D0A92920098F09D /* libAPOpenSdk.a */; };
		F8DF7E141D0A92920098F09D /* README.md in Sources */ = {isa = PBXBuildFile; fileRef = F8DF7DE71D0A92920098F09D /* README.md */; };
		F8DF7E151D0A92920098F09D /* FBSDKMessengerShareKit.framework in Frameworks */ = {isa = PBXBuildFile; fileRef = F8DF7DE91D0A92920098F09D /* FBSDKMessengerShareKit.framework */; };
		F8DF7E161D0A92920098F09D /* KakaoOpenSDK.framework in Frameworks */ = {isa = PBXBuildFile; fileRef = F8DF7DEB1D0A92920098F09D /* KakaoOpenSDK.framework */; };
		F8DF7E171D0A92920098F09D /* TencentOpenAPI.framework in Frameworks */ = {isa = PBXBuildFile; fileRef = F8DF7DED1D0A92920098F09D /* TencentOpenAPI.framework */; };
		F8DF7E181D0A92920098F09D /* TencentOpenApi_IOS_Bundle.bundle in Resources */ = {isa = PBXBuildFile; fileRef = F8DF7DEE1D0A92920098F09D /* TencentOpenApi_IOS_Bundle.bundle */; };
		F8DF7E191D0A92920098F09D /* RennSDK.bundle in Resources */ = {isa = PBXBuildFile; fileRef = F8DF7DF01D0A92920098F09D /* RennSDK.bundle */; };
		F8DF7E1A1D0A92920098F09D /* RennSDK.framework in Frameworks */ = {isa = PBXBuildFile; fileRef = F8DF7DF11D0A92920098F09D /* RennSDK.framework */; };
		F8DF7E1B1D0A92920098F09D /* libWeiboSDK.a in Frameworks */ = {isa = PBXBuildFile; fileRef = F8DF7DF31D0A92920098F09D /* libWeiboSDK.a */; };
		F8DF7E1C1D0A92920098F09D /* WeiboSDK.bundle in Resources */ = {isa = PBXBuildFile; fileRef = F8DF7DFD1D0A92920098F09D /* WeiboSDK.bundle */; };
		F8DF7E1D1D0A92920098F09D /* libWeChatSDK.a in Frameworks */ = {isa = PBXBuildFile; fileRef = F8DF7E011D0A92920098F09D /* libWeChatSDK.a */; };
		F8DF7E1E1D0A92920098F09D /* README.txt in Resources */ = {isa = PBXBuildFile; fileRef = F8DF7E021D0A92920098F09D /* README.txt */; };
		F8DF7E1F1D0A92920098F09D /* libYixinSDK.a in Frameworks */ = {isa = PBXBuildFile; fileRef = F8DF7E071D0A92920098F09D /* libYixinSDK.a */; };
		F8DF7E201D0A92930098F09D /* MOBFoundation.framework in Frameworks */ = {isa = PBXBuildFile; fileRef = F8DF7E0B1D0A92920098F09D /* MOBFoundation.framework */; };
		F8DF7E211D0A92930098F09D /* ShareSDK.bundle in Resources */ = {isa = PBXBuildFile; fileRef = F8DF7E0C1D0A92920098F09D /* ShareSDK.bundle */; };
		F8DF7E221D0A92930098F09D /* ShareSDKConnector.framework in Frameworks */ = {isa = PBXBuildFile; fileRef = F8DF7E0D1D0A92920098F09D /* ShareSDKConnector.framework */; };
		F8DF7E341D0A94710098F09D /* AppDelegate.m in Sources */ = {isa = PBXBuildFile; fileRef = F8DF7E251D0A94710098F09D /* AppDelegate.m */; };
		F8DF7E351D0A94710098F09D /* LaunchScreen.xib in Resources */ = {isa = PBXBuildFile; fileRef = F8DF7E261D0A94710098F09D /* LaunchScreen.xib */; };
		F8DF7E361D0A94710098F09D /* Main.storyboard in Resources */ = {isa = PBXBuildFile; fileRef = F8DF7E281D0A94710098F09D /* Main.storyboard */; };
		F8DF7E371D0A94710098F09D /* Assets.xcassets in Resources */ = {isa = PBXBuildFile; fileRef = F8DF7E2A1D0A94710098F09D /* Assets.xcassets */; };
		F8DF7E381D0A94710098F09D /* Info.plist in Resources */ = {isa = PBXBuildFile; fileRef = F8DF7E2B1D0A94710098F09D /* Info.plist */; };
		F8DF7E391D0A94710098F09D /* main.m in Sources */ = {isa = PBXBuildFile; fileRef = F8DF7E2C1D0A94710098F09D /* main.m */; };
		F8DF7E3A1D0A94710098F09D /* shareImg.png in Resources */ = {isa = PBXBuildFile; fileRef = F8DF7E2D1D0A94710098F09D /* shareImg.png */; };
		F8DF7E3B1D0A94710098F09D /* ViewController.m in Sources */ = {isa = PBXBuildFile; fileRef = F8DF7E2F1D0A94710098F09D /* ViewController.m */; };
/* End PBXBuildFile section */

/* Begin PBXFileReference section */
		D07CF92C1B43C674003CAD7A /* JavaScriptCore.framework */ = {isa = PBXFileReference; lastKnownFileType = wrapper.framework; name = JavaScriptCore.framework; path = System/Library/Frameworks/JavaScriptCore.framework; sourceTree = SDKROOT; };
		D08BDA0B1B412A8400C73757 /* test5.app */ = {isa = PBXFileReference; explicitFileType = wrapper.application; includeInIndex = 0; path = test5.app; sourceTree = BUILT_PRODUCTS_DIR; };
		D08BDA5D1B412B5800C73757 /* libicucore.dylib */ = {isa = PBXFileReference; lastKnownFileType = "compiled.mach-o.dylib"; name = libicucore.dylib; path = usr/lib/libicucore.dylib; sourceTree = SDKROOT; };
		D08BDA5F1B412B5E00C73757 /* libstdc++.dylib */ = {isa = PBXFileReference; lastKnownFileType = "compiled.mach-o.dylib"; name = "libstdc++.dylib"; path = "usr/lib/libstdc++.dylib"; sourceTree = SDKROOT; };
		D08BDA611B412B6500C73757 /* libz.dylib */ = {isa = PBXFileReference; lastKnownFileType = "compiled.mach-o.dylib"; name = libz.dylib; path = usr/lib/libz.dylib; sourceTree = SDKROOT; };
		DE11F32F1B7F238700C33072 /* CoreMotion.framework */ = {isa = PBXFileReference; lastKnownFileType = wrapper.framework; name = CoreMotion.framework; path = System/Library/Frameworks/CoreMotion.framework; sourceTree = SDKROOT; };
		DE11F3311B7F239800C33072 /* CoreLocation.framework */ = {isa = PBXFileReference; lastKnownFileType = wrapper.framework; name = CoreLocation.framework; path = System/Library/Frameworks/CoreLocation.framework; sourceTree = SDKROOT; };
		DE11F3331B7F23AA00C33072 /* MediaPlayer.framework */ = {isa = PBXFileReference; lastKnownFileType = wrapper.framework; name = MediaPlayer.framework; path = System/Library/Frameworks/MediaPlayer.framework; sourceTree = SDKROOT; };
		DE11F3351B7F23CB00C33072 /* AssetsLibrary.framework */ = {isa = PBXFileReference; lastKnownFileType = wrapper.framework; name = AssetsLibrary.framework; path = System/Library/Frameworks/AssetsLibrary.framework; sourceTree = SDKROOT; };
		DE11F3371B7F23D800C33072 /* AddressBook.framework */ = {isa = PBXFileReference; lastKnownFileType = wrapper.framework; name = AddressBook.framework; path = System/Library/Frameworks/AddressBook.framework; sourceTree = SDKROOT; };
		DE11F3391B7F23F100C33072 /* CoreImage.framework */ = {isa = PBXFileReference; lastKnownFileType = wrapper.framework; name = CoreImage.framework; path = System/Library/Frameworks/CoreImage.framework; sourceTree = SDKROOT; };
		DE11F33B1B7F23FF00C33072 /* CoreGraphics.framework */ = {isa = PBXFileReference; lastKnownFileType = wrapper.framework; name = CoreGraphics.framework; path = System/Library/Frameworks/CoreGraphics.framework; sourceTree = SDKROOT; };
		DE11F33D1B7F249600C33072 /* CoreFoundation.framework */ = {isa = PBXFileReference; lastKnownFileType = wrapper.framework; name = CoreFoundation.framework; path = System/Library/Frameworks/CoreFoundation.framework; sourceTree = SDKROOT; };
		DE11F33F1B7F26EC00C33072 /* ImageIO.framework */ = {isa = PBXFileReference; lastKnownFileType = wrapper.framework; name = ImageIO.framework; path = System/Library/Frameworks/ImageIO.framework; sourceTree = SDKROOT; };
		DE247F191BB24BD200225F1B /* AdSupport.framework */ = {isa = PBXFileReference; lastKnownFileType = wrapper.framework; name = AdSupport.framework; path = System/Library/Frameworks/AdSupport.framework; sourceTree = SDKROOT; };
		DE2E83DD1B9D6A1800FDE614 /* libsqlite3.dylib */ = {isa = PBXFileReference; lastKnownFileType = "compiled.mach-o.dylib"; name = libsqlite3.dylib; path = usr/lib/libsqlite3.dylib; sourceTree = SDKROOT; };
		F8DF7DDB1D0A92920098F09D /* ShareSDK.framework */ = {isa = PBXFileReference; lastKnownFileType = wrapper.framework; path = ShareSDK.framework; sourceTree = "<group>"; };
		F8DF7DDE1D0A92920098F09D /* ShareSDKExtension.framework */ = {isa = PBXFileReference; lastKnownFileType = wrapper.framework; path = ShareSDKExtension.framework; sourceTree = "<group>"; };
		F8DF7DDF1D0A92920098F09D /* ShareSDKInterfaceAdapter.framework */ = {isa = PBXFileReference; lastKnownFileType = wrapper.framework; path = ShareSDKInterfaceAdapter.framework; sourceTree = "<group>"; };
		F8DF7DE01D0A92920098F09D /* ShareSDKUI.bundle */ = {isa = PBXFileReference; lastKnownFileType = "wrapper.plug-in"; path = ShareSDKUI.bundle; sourceTree = "<group>"; };
		F8DF7DE11D0A92920098F09D /* ShareSDKUI.framework */ = {isa = PBXFileReference; lastKnownFileType = wrapper.framework; path = ShareSDKUI.framework; sourceTree = "<group>"; };
		F8DF7DE41D0A92920098F09D /* APOpenAPI.h */ = {isa = PBXFileReference; fileEncoding = 4; lastKnownFileType = sourcecode.c.h; path = APOpenAPI.h; sourceTree = "<group>"; };
		F8DF7DE51D0A92920098F09D /* APOpenAPIObject.h */ = {isa = PBXFileReference; fileEncoding = 4; lastKnownFileType = sourcecode.c.h; path = APOpenAPIObject.h; sourceTree = "<group>"; };
		F8DF7DE61D0A92920098F09D /* libAPOpenSdk.a */ = {isa = PBXFileReference; lastKnownFileType = archive.ar; path = libAPOpenSdk.a; sourceTree = "<group>"; };
		F8DF7DE71D0A92920098F09D /* README.md */ = {isa = PBXFileReference; fileEncoding = 4; lastKnownFileType = net.daringfireball.markdown; path = README.md; sourceTree = "<group>"; };
		F8DF7DE91D0A92920098F09D /* FBSDKMessengerShareKit.framework */ = {isa = PBXFileReference; lastKnownFileType = wrapper.framework; path = FBSDKMessengerShareKit.framework; sourceTree = "<group>"; };
		F8DF7DEB1D0A92920098F09D /* KakaoOpenSDK.framework */ = {isa = PBXFileReference; lastKnownFileType = wrapper.framework; path = KakaoOpenSDK.framework; sourceTree = "<group>"; };
		F8DF7DED1D0A92920098F09D /* TencentOpenAPI.framework */ = {isa = PBXFileReference; lastKnownFileType = wrapper.framework; path = TencentOpenAPI.framework; sourceTree = "<group>"; };
		F8DF7DEE1D0A92920098F09D /* TencentOpenApi_IOS_Bundle.bundle */ = {isa = PBXFileReference; lastKnownFileType = "wrapper.plug-in"; path = TencentOpenApi_IOS_Bundle.bundle; sourceTree = "<group>"; };
		F8DF7DF01D0A92920098F09D /* RennSDK.bundle */ = {isa = PBXFileReference; lastKnownFileType = "wrapper.plug-in"; path = RennSDK.bundle; sourceTree = "<group>"; };
		F8DF7DF11D0A92920098F09D /* RennSDK.framework */ = {isa = PBXFileReference; lastKnownFileType = wrapper.framework; path = RennSDK.framework; sourceTree = "<group>"; };
		F8DF7DF31D0A92920098F09D /* libWeiboSDK.a */ = {isa = PBXFileReference; lastKnownFileType = archive.ar; path = libWeiboSDK.a; sourceTree = "<group>"; };
		F8DF7DF41D0A92920098F09D /* WBHttpRequest+WeiboGame.h */ = {isa = PBXFileReference; fileEncoding = 4; lastKnownFileType = sourcecode.c.h; path = "WBHttpRequest+WeiboGame.h"; sourceTree = "<group>"; };
		F8DF7DF51D0A92920098F09D /* WBHttpRequest+WeiboShare.h */ = {isa = PBXFileReference; fileEncoding = 4; lastKnownFileType = sourcecode.c.h; path = "WBHttpRequest+WeiboShare.h"; sourceTree = "<group>"; };
		F8DF7DF61D0A92920098F09D /* WBHttpRequest+WeiboToken.h */ = {isa = PBXFileReference; fileEncoding = 4; lastKnownFileType = sourcecode.c.h; path = "WBHttpRequest+WeiboToken.h"; sourceTree = "<group>"; };
		F8DF7DF71D0A92920098F09D /* WBHttpRequest+WeiboUser.h */ = {isa = PBXFileReference; fileEncoding = 4; lastKnownFileType = sourcecode.c.h; path = "WBHttpRequest+WeiboUser.h"; sourceTree = "<group>"; };
		F8DF7DF81D0A92920098F09D /* WBHttpRequest.h */ = {isa = PBXFileReference; fileEncoding = 4; lastKnownFileType = sourcecode.c.h; path = WBHttpRequest.h; sourceTree = "<group>"; };
		F8DF7DF91D0A92920098F09D /* WBSDKBasicButton.h */ = {isa = PBXFileReference; fileEncoding = 4; lastKnownFileType = sourcecode.c.h; path = WBSDKBasicButton.h; sourceTree = "<group>"; };
		F8DF7DFA1D0A92920098F09D /* WBSDKCommentButton.h */ = {isa = PBXFileReference; fileEncoding = 4; lastKnownFileType = sourcecode.c.h; path = WBSDKCommentButton.h; sourceTree = "<group>"; };
		F8DF7DFB1D0A92920098F09D /* WBSDKRelationshipButton.h */ = {isa = PBXFileReference; fileEncoding = 4; lastKnownFileType = sourcecode.c.h; path = WBSDKRelationshipButton.h; sourceTree = "<group>"; };
		F8DF7DFC1D0A92920098F09D /* WeiboSDK+Statistics.h */ = {isa = PBXFileReference; fileEncoding = 4; lastKnownFileType = sourcecode.c.h; path = "WeiboSDK+Statistics.h"; sourceTree = "<group>"; };
		F8DF7DFD1D0A92920098F09D /* WeiboSDK.bundle */ = {isa = PBXFileReference; lastKnownFileType = "wrapper.plug-in"; path = WeiboSDK.bundle; sourceTree = "<group>"; };
		F8DF7DFE1D0A92920098F09D /* WeiboSDK.h */ = {isa = PBXFileReference; fileEncoding = 4; lastKnownFileType = sourcecode.c.h; path = WeiboSDK.h; sourceTree = "<group>"; };
		F8DF7DFF1D0A92920098F09D /* WeiboUser.h */ = {isa = PBXFileReference; fileEncoding = 4; lastKnownFileType = sourcecode.c.h; path = WeiboUser.h; sourceTree = "<group>"; };
		F8DF7E011D0A92920098F09D /* libWeChatSDK.a */ = {isa = PBXFileReference; lastKnownFileType = archive.ar; path = libWeChatSDK.a; sourceTree = "<group>"; };
		F8DF7E021D0A92920098F09D /* README.txt */ = {isa = PBXFileReference; fileEncoding = 4; lastKnownFileType = text; path = README.txt; sourceTree = "<group>"; };
		F8DF7E031D0A92920098F09D /* WechatAuthSDK.h */ = {isa = PBXFileReference; fileEncoding = 4; lastKnownFileType = sourcecode.c.h; path = WechatAuthSDK.h; sourceTree = "<group>"; };
		F8DF7E041D0A92920098F09D /* WXApi.h */ = {isa = PBXFileReference; fileEncoding = 4; lastKnownFileType = sourcecode.c.h; path = WXApi.h; sourceTree = "<group>"; };
		F8DF7E051D0A92920098F09D /* WXApiObject.h */ = {isa = PBXFileReference; fileEncoding = 4; lastKnownFileType = sourcecode.c.h; path = WXApiObject.h; sourceTree = "<group>"; };
		F8DF7E071D0A92920098F09D /* libYixinSDK.a */ = {isa = PBXFileReference; lastKnownFileType = archive.ar; path = libYixinSDK.a; sourceTree = "<group>"; };
		F8DF7E081D0A92920098F09D /* YXApi.h */ = {isa = PBXFileReference; fileEncoding = 4; lastKnownFileType = sourcecode.c.h; path = YXApi.h; sourceTree = "<group>"; };
		F8DF7E091D0A92920098F09D /* YXApiObject.h */ = {isa = PBXFileReference; fileEncoding = 4; lastKnownFileType = sourcecode.c.h; path = YXApiObject.h; sourceTree = "<group>"; };
		F8DF7E0B1D0A92920098F09D /* MOBFoundation.framework */ = {isa = PBXFileReference; lastKnownFileType = wrapper.framework; path = MOBFoundation.framework; sourceTree = "<group>"; };
		F8DF7E0C1D0A92920098F09D /* ShareSDK.bundle */ = {isa = PBXFileReference; lastKnownFileType = "wrapper.plug-in"; path = ShareSDK.bundle; sourceTree = "<group>"; };
		F8DF7E0D1D0A92920098F09D /* ShareSDKConnector.framework */ = {isa = PBXFileReference; lastKnownFileType = wrapper.framework; path = ShareSDKConnector.framework; sourceTree = "<group>"; };
		F8DF7E241D0A94710098F09D /* AppDelegate.h */ = {isa = PBXFileReference; fileEncoding = 4; lastKnownFileType = sourcecode.c.h; path = AppDelegate.h; sourceTree = "<group>"; };
		F8DF7E251D0A94710098F09D /* AppDelegate.m */ = {isa = PBXFileReference; fileEncoding = 4; lastKnownFileType = sourcecode.c.objc; path = AppDelegate.m; sourceTree = "<group>"; };
		F8DF7E271D0A94710098F09D /* Base */ = {isa = PBXFileReference; lastKnownFileType = file.xib; name = Base; path = Base.lproj/LaunchScreen.xib; sourceTree = "<group>"; };
		F8DF7E291D0A94710098F09D /* Base */ = {isa = PBXFileReference; lastKnownFileType = file.storyboard; name = Base; path = Base.lproj/Main.storyboard; sourceTree = "<group>"; };
		F8DF7E2A1D0A94710098F09D /* Assets.xcassets */ = {isa = PBXFileReference; lastKnownFileType = folder.assetcatalog; path = Assets.xcassets; sourceTree = "<group>"; };
		F8DF7E2B1D0A94710098F09D /* Info.plist */ = {isa = PBXFileReference; fileEncoding = 4; lastKnownFileType = text.plist.xml; path = Info.plist; sourceTree = "<group>"; };
		F8DF7E2C1D0A94710098F09D /* main.m */ = {isa = PBXFileReference; fileEncoding = 4; lastKnownFileType = sourcecode.c.objc; path = main.m; sourceTree = "<group>"; };
		F8DF7E2D1D0A94710098F09D /* shareImg.png */ = {isa = PBXFileReference; lastKnownFileType = image.png; name = shareImg.png; path = test5/shareImg.png; sourceTree = "<group>"; };
		F8DF7E2E1D0A94710098F09D /* ViewController.h */ = {isa = PBXFileReference; fileEncoding = 4; lastKnownFileType = sourcecode.c.h; path = ViewController.h; sourceTree = "<group>"; };
		F8DF7E2F1D0A94710098F09D /* ViewController.m */ = {isa = PBXFileReference; fileEncoding = 4; lastKnownFileType = sourcecode.c.objc; path = ViewController.m; sourceTree = "<group>"; };
/* End PBXFileReference section */

/* Begin PBXFrameworksBuildPhase section */
		D08BDA081B412A8400C73757 /* Frameworks */ = {
			isa = PBXFrameworksBuildPhase;
			buildActionMask = 2147483647;
			files = (
				F8DF7E151D0A92920098F09D /* FBSDKMessengerShareKit.framework in Frameworks */,
				F8DF7E1D1D0A92920098F09D /* libWeChatSDK.a in Frameworks */,
				DE2E83DE1B9D6A1800FDE614 /* libsqlite3.dylib in Frameworks */,
				DE11F3401B7F26EC00C33072 /* ImageIO.framework in Frameworks */,
				F8DF7E1F1D0A92920098F09D /* libYixinSDK.a in Frameworks */,
				F8DF7E0F1D0A92920098F09D /* ShareSDKExtension.framework in Frameworks */,
				F8DF7E1B1D0A92920098F09D /* libWeiboSDK.a in Frameworks */,
				F8DF7E201D0A92930098F09D /* MOBFoundation.framework in Frameworks */,
				DE11F3381B7F23D800C33072 /* AddressBook.framework in Frameworks */,
				F8DF7E161D0A92920098F09D /* KakaoOpenSDK.framework in Frameworks */,
				DE11F3361B7F23CB00C33072 /* AssetsLibrary.framework in Frameworks */,
				DE11F3341B7F23AA00C33072 /* MediaPlayer.framework in Frameworks */,
				F8DF7E171D0A92920098F09D /* TencentOpenAPI.framework in Frameworks */,
				DE11F3321B7F239800C33072 /* CoreLocation.framework in Frameworks */,
				F8DF7E221D0A92930098F09D /* ShareSDKConnector.framework in Frameworks */,
				DE11F3301B7F238700C33072 /* CoreMotion.framework in Frameworks */,
				F8DF7E121D0A92920098F09D /* ShareSDKUI.framework in Frameworks */,
				F8DF7E131D0A92920098F09D /* libAPOpenSdk.a in Frameworks */,
				F8DF7E0E1D0A92920098F09D /* ShareSDK.framework in Frameworks */,
				F8DF7E1A1D0A92920098F09D /* RennSDK.framework in Frameworks */,
				F8DF7E101D0A92920098F09D /* ShareSDKInterfaceAdapter.framework in Frameworks */,
				D07CF92D1B43C674003CAD7A /* JavaScriptCore.framework in Frameworks */,
				D08BDA621B412B6500C73757 /* libz.dylib in Frameworks */,
				D08BDA601B412B5E00C73757 /* libstdc++.dylib in Frameworks */,
				D08BDA5E1B412B5800C73757 /* libicucore.dylib in Frameworks */,
			);
			runOnlyForDeploymentPostprocessing = 0;
		};
/* End PBXFrameworksBuildPhase section */

/* Begin PBXGroup section */
		D08BDA021B412A8400C73757 = {
			isa = PBXGroup;
			children = (
				F8DF7E2D1D0A94710098F09D /* shareImg.png */,
				F8DF7DDA1D0A92920098F09D /* ShareSDK */,
				DE5C7CB11BA56BEF00B7409B /* System lib */,
				F8DF7E231D0A94710098F09D /* test5 */,
				D08BDA0C1B412A8400C73757 /* Products */,
			);
			sourceTree = "<group>";
		};
		D08BDA0C1B412A8400C73757 /* Products */ = {
			isa = PBXGroup;
			children = (
				D08BDA0B1B412A8400C73757 /* test5.app */,
			);
			name = Products;
			sourceTree = "<group>";
		};
		DE5C7CB11BA56BEF00B7409B /* System lib */ = {
			isa = PBXGroup;
			children = (
				DE247F191BB24BD200225F1B /* AdSupport.framework */,
				D07CF92C1B43C674003CAD7A /* JavaScriptCore.framework */,
				D08BDA611B412B6500C73757 /* libz.dylib */,
				D08BDA5F1B412B5E00C73757 /* libstdc++.dylib */,
				D08BDA5D1B412B5800C73757 /* libicucore.dylib */,
				DE2E83DD1B9D6A1800FDE614 /* libsqlite3.dylib */,
				DE11F33F1B7F26EC00C33072 /* ImageIO.framework */,
				DE11F33D1B7F249600C33072 /* CoreFoundation.framework */,
				DE11F33B1B7F23FF00C33072 /* CoreGraphics.framework */,
				DE11F3391B7F23F100C33072 /* CoreImage.framework */,
				DE11F3371B7F23D800C33072 /* AddressBook.framework */,
				DE11F3351B7F23CB00C33072 /* AssetsLibrary.framework */,
				DE11F3331B7F23AA00C33072 /* MediaPlayer.framework */,
				DE11F3311B7F239800C33072 /* CoreLocation.framework */,
				DE11F32F1B7F238700C33072 /* CoreMotion.framework */,
			);
			name = "System lib";
			path = SharingDemo;
			sourceTree = "<group>";
		};
		F8DF7DDA1D0A92920098F09D /* ShareSDK */ = {
			isa = PBXGroup;
			children = (
				F8DF7DDB1D0A92920098F09D /* ShareSDK.framework */,
				F8DF7DDC1D0A92920098F09D /* Support */,
			);
			path = ShareSDK;
			sourceTree = "<group>";
		};
		F8DF7DDC1D0A92920098F09D /* Support */ = {
			isa = PBXGroup;
			children = (
				F8DF7DDD1D0A92920098F09D /* Optional */,
				F8DF7DE21D0A92920098F09D /* PlatformSDK */,
				F8DF7E0A1D0A92920098F09D /* Required */,
			);
			path = Support;
			sourceTree = "<group>";
		};
		F8DF7DDD1D0A92920098F09D /* Optional */ = {
			isa = PBXGroup;
			children = (
				F8DF7DDE1D0A92920098F09D /* ShareSDKExtension.framework */,
				F8DF7DDF1D0A92920098F09D /* ShareSDKInterfaceAdapter.framework */,
				F8DF7DE01D0A92920098F09D /* ShareSDKUI.bundle */,
				F8DF7DE11D0A92920098F09D /* ShareSDKUI.framework */,
			);
			path = Optional;
			sourceTree = "<group>";
		};
		F8DF7DE21D0A92920098F09D /* PlatformSDK */ = {
			isa = PBXGroup;
			children = (
				F8DF7DE31D0A92920098F09D /* APSocialSDK */,
				F8DF7DE81D0A92920098F09D /* FacebookMessengerSDK */,
				F8DF7DEA1D0A92920098F09D /* KaKaoSDK */,
				F8DF7DEC1D0A92920098F09D /* QQSDK */,
				F8DF7DEF1D0A92920098F09D /* RenRenSDK */,
				F8DF7DF21D0A92920098F09D /* SinaWeiboSDK */,
				F8DF7E001D0A92920098F09D /* WeChatSDK */,
				F8DF7E061D0A92920098F09D /* YiXinSDK */,
			);
			path = PlatformSDK;
			sourceTree = "<group>";
		};
		F8DF7DE31D0A92920098F09D /* APSocialSDK */ = {
			isa = PBXGroup;
			children = (
				F8DF7DE41D0A92920098F09D /* APOpenAPI.h */,
				F8DF7DE51D0A92920098F09D /* APOpenAPIObject.h */,
				F8DF7DE61D0A92920098F09D /* libAPOpenSdk.a */,
				F8DF7DE71D0A92920098F09D /* README.md */,
			);
			path = APSocialSDK;
			sourceTree = "<group>";
		};
		F8DF7DE81D0A92920098F09D /* FacebookMessengerSDK */ = {
			isa = PBXGroup;
			children = (
				F8DF7DE91D0A92920098F09D /* FBSDKMessengerShareKit.framework */,
			);
			path = FacebookMessengerSDK;
			sourceTree = "<group>";
		};
		F8DF7DEA1D0A92920098F09D /* KaKaoSDK */ = {
			isa = PBXGroup;
			children = (
				F8DF7DEB1D0A92920098F09D /* KakaoOpenSDK.framework */,
			);
			path = KaKaoSDK;
			sourceTree = "<group>";
		};
		F8DF7DEC1D0A92920098F09D /* QQSDK */ = {
			isa = PBXGroup;
			children = (
				F8DF7DED1D0A92920098F09D /* TencentOpenAPI.framework */,
				F8DF7DEE1D0A92920098F09D /* TencentOpenApi_IOS_Bundle.bundle */,
			);
			path = QQSDK;
			sourceTree = "<group>";
		};
		F8DF7DEF1D0A92920098F09D /* RenRenSDK */ = {
			isa = PBXGroup;
			children = (
				F8DF7DF01D0A92920098F09D /* RennSDK.bundle */,
				F8DF7DF11D0A92920098F09D /* RennSDK.framework */,
			);
			path = RenRenSDK;
			sourceTree = "<group>";
		};
		F8DF7DF21D0A92920098F09D /* SinaWeiboSDK */ = {
			isa = PBXGroup;
			children = (
				F8DF7DF31D0A92920098F09D /* libWeiboSDK.a */,
				F8DF7DF41D0A92920098F09D /* WBHttpRequest+WeiboGame.h */,
				F8DF7DF51D0A92920098F09D /* WBHttpRequest+WeiboShare.h */,
				F8DF7DF61D0A92920098F09D /* WBHttpRequest+WeiboToken.h */,
				F8DF7DF71D0A92920098F09D /* WBHttpRequest+WeiboUser.h */,
				F8DF7DF81D0A92920098F09D /* WBHttpRequest.h */,
				F8DF7DF91D0A92920098F09D /* WBSDKBasicButton.h */,
				F8DF7DFA1D0A92920098F09D /* WBSDKCommentButton.h */,
				F8DF7DFB1D0A92920098F09D /* WBSDKRelationshipButton.h */,
				F8DF7DFC1D0A92920098F09D /* WeiboSDK+Statistics.h */,
				F8DF7DFD1D0A92920098F09D /* WeiboSDK.bundle */,
				F8DF7DFE1D0A92920098F09D /* WeiboSDK.h */,
				F8DF7DFF1D0A92920098F09D /* WeiboUser.h */,
			);
			path = SinaWeiboSDK;
			sourceTree = "<group>";
		};
		F8DF7E001D0A92920098F09D /* WeChatSDK */ = {
			isa = PBXGroup;
			children = (
				F8DF7E011D0A92920098F09D /* libWeChatSDK.a */,
				F8DF7E021D0A92920098F09D /* README.txt */,
				F8DF7E031D0A92920098F09D /* WechatAuthSDK.h */,
				F8DF7E041D0A92920098F09D /* WXApi.h */,
				F8DF7E051D0A92920098F09D /* WXApiObject.h */,
			);
			path = WeChatSDK;
			sourceTree = "<group>";
		};
		F8DF7E061D0A92920098F09D /* YiXinSDK */ = {
			isa = PBXGroup;
			children = (
				F8DF7E071D0A92920098F09D /* libYixinSDK.a */,
				F8DF7E081D0A92920098F09D /* YXApi.h */,
				F8DF7E091D0A92920098F09D /* YXApiObject.h */,
			);
			path = YiXinSDK;
			sourceTree = "<group>";
		};
		F8DF7E0A1D0A92920098F09D /* Required */ = {
			isa = PBXGroup;
			children = (
				F8DF7E0B1D0A92920098F09D /* MOBFoundation.framework */,
				F8DF7E0C1D0A92920098F09D /* ShareSDK.bundle */,
				F8DF7E0D1D0A92920098F09D /* ShareSDKConnector.framework */,
			);
			path = Required;
			sourceTree = "<group>";
		};
		F8DF7E231D0A94710098F09D /* test5 */ = {
			isa = PBXGroup;
			children = (
				F8DF7E241D0A94710098F09D /* AppDelegate.h */,
				F8DF7E251D0A94710098F09D /* AppDelegate.m */,
				F8DF7E2E1D0A94710098F09D /* ViewController.h */,
				F8DF7E2F1D0A94710098F09D /* ViewController.m */,
				F8DF7E281D0A94710098F09D /* Main.storyboard */,
				F8DF7E2A1D0A94710098F09D /* Assets.xcassets */,
				F8DF7E261D0A94710098F09D /* LaunchScreen.xib */,
				F8DF7E2B1D0A94710098F09D /* Info.plist */,
				F8DF7E3E1D0A96000098F09D /* Supporting Files */,
			);
			path = test5;
			sourceTree = "<group>";
		};
		F8DF7E3E1D0A96000098F09D /* Supporting Files */ = {
			isa = PBXGroup;
			children = (
				F8DF7E2C1D0A94710098F09D /* main.m */,
			);
			name = "Supporting Files";
			sourceTree = "<group>";
		};
/* End PBXGroup section */

/* Begin PBXNativeTarget section */
		D08BDA0A1B412A8400C73757 /* test5 */ = {
			isa = PBXNativeTarget;
			buildConfigurationList = D08BDA2E1B412A8400C73757 /* Build configuration list for PBXNativeTarget "test5" */;
			buildPhases = (
				D08BDA071B412A8400C73757 /* Sources */,
				D08BDA081B412A8400C73757 /* Frameworks */,
				D08BDA091B412A8400C73757 /* Resources */,
			);
			buildRules = (
			);
			dependencies = (
			);
			name = test5;
			productName = SharingDemo;
			productReference = D08BDA0B1B412A8400C73757 /* test5.app */;
			productType = "com.apple.product-type.application";
		};
/* End PBXNativeTarget section */

/* Begin PBXProject section */
		D08BDA031B412A8400C73757 /* Project object */ = {
			isa = PBXProject;
			attributes = {
				LastUpgradeCheck = 0630;
				ORGANIZATIONNAME = mob;
				TargetAttributes = {
					D08BDA0A1B412A8400C73757 = {
						CreatedOnToolsVersion = 6.3.1;
						DevelopmentTeam = ELL8H3DJ8K;
					};
				};
			};
			buildConfigurationList = D08BDA061B412A8400C73757 /* Build configuration list for PBXProject "test5" */;
			compatibilityVersion = "Xcode 3.2";
			developmentRegion = English;
			hasScannedForEncodings = 0;
			knownRegions = (
				en,
				Base,
				"zh-Hans",
			);
			mainGroup = D08BDA021B412A8400C73757;
			productRefGroup = D08BDA0C1B412A8400C73757 /* Products */;
			projectDirPath = "";
			projectRoot = "";
			targets = (
				D08BDA0A1B412A8400C73757 /* test5 */,
			);
		};
/* End PBXProject section */

/* Begin PBXResourcesBuildPhase section */
		D08BDA091B412A8400C73757 /* Resources */ = {
			isa = PBXResourcesBuildPhase;
			buildActionMask = 2147483647;
			files = (
				F8DF7E211D0A92930098F09D /* ShareSDK.bundle in Resources */,
				F8DF7E181D0A92920098F09D /* TencentOpenApi_IOS_Bundle.bundle in Resources */,
				F8DF7E1C1D0A92920098F09D /* WeiboSDK.bundle in Resources */,
				F8DF7E371D0A94710098F09D /* Assets.xcassets in Resources */,
				F8DF7E361D0A94710098F09D /* Main.storyboard in Resources */,
				F8DF7E3A1D0A94710098F09D /* shareImg.png in Resources */,
				F8DF7E381D0A94710098F09D /* Info.plist in Resources */,
				F8DF7E111D0A92920098F09D /* ShareSDKUI.bundle in Resources */,
				F8DF7E191D0A92920098F09D /* RennSDK.bundle in Resources */,
				F8DF7E1E1D0A92920098F09D /* README.txt in Resources */,
				F8DF7E351D0A94710098F09D /* LaunchScreen.xib in Resources */,
			);
			runOnlyForDeploymentPostprocessing = 0;
		};
/* End PBXResourcesBuildPhase section */

/* Begin PBXSourcesBuildPhase section */
		D08BDA071B412A8400C73757 /* Sources */ = {
			isa = PBXSourcesBuildPhase;
			buildActionMask = 2147483647;
			files = (
				F8DF7E3B1D0A94710098F09D /* ViewController.m in Sources */,
				F8DF7E141D0A92920098F09D /* README.md in Sources */,
				F8DF7E391D0A94710098F09D /* main.m in Sources */,
				F8DF7E341D0A94710098F09D /* AppDelegate.m in Sources */,
			);
			runOnlyForDeploymentPostprocessing = 0;
		};
/* End PBXSourcesBuildPhase section */

/* Begin PBXVariantGroup section */
		F8DF7E261D0A94710098F09D /* LaunchScreen.xib */ = {
			isa = PBXVariantGroup;
			children = (
				F8DF7E271D0A94710098F09D /* Base */,
			);
			name = LaunchScreen.xib;
			sourceTree = "<group>";
		};
		F8DF7E281D0A94710098F09D /* Main.storyboard */ = {
			isa = PBXVariantGroup;
			children = (
				F8DF7E291D0A94710098F09D /* Base */,
			);
			name = Main.storyboard;
			sourceTree = "<group>";
		};
/* End PBXVariantGroup section */

/* Begin XCBuildConfiguration section */
		D08BDA2C1B412A8400C73757 /* Debug */ = {
			isa = XCBuildConfiguration;
			buildSettings = {
				ALWAYS_SEARCH_USER_PATHS = NO;
				CLANG_CXX_LANGUAGE_STANDARD = "gnu++0x";
				CLANG_CXX_LIBRARY = "libc++";
				CLANG_ENABLE_MODULES = YES;
				CLANG_ENABLE_OBJC_ARC = YES;
				CLANG_WARN_BOOL_CONVERSION = YES;
				CLANG_WARN_CONSTANT_CONVERSION = YES;
				CLANG_WARN_DIRECT_OBJC_ISA_USAGE = YES_ERROR;
				CLANG_WARN_EMPTY_BODY = YES;
				CLANG_WARN_ENUM_CONVERSION = YES;
				CLANG_WARN_INT_CONVERSION = YES;
				CLANG_WARN_OBJC_ROOT_CLASS = YES_ERROR;
				CLANG_WARN_UNREACHABLE_CODE = YES;
				CLANG_WARN__DUPLICATE_METHOD_MATCH = YES;
				CODE_SIGN_IDENTITY = "iPhone Developer: Jinghuang Liu (H4ZH7W6LU4)";
				"CODE_SIGN_IDENTITY[sdk=iphoneos*]" = "iPhone Developer: Jinghuang Liu (H4ZH7W6LU4)";
				COPY_PHASE_STRIP = NO;
				DEBUG_INFORMATION_FORMAT = "dwarf-with-dsym";
				ENABLE_BITCODE = NO;
				ENABLE_STRICT_OBJC_MSGSEND = YES;
				GCC_C_LANGUAGE_STANDARD = gnu99;
				GCC_DYNAMIC_NO_PIC = NO;
				GCC_NO_COMMON_BLOCKS = YES;
				GCC_OPTIMIZATION_LEVEL = 0;
				GCC_PREPROCESSOR_DEFINITIONS = (
					"DEBUG=1",
					"$(inherited)",
				);
				GCC_SYMBOLS_PRIVATE_EXTERN = NO;
				GCC_WARN_64_TO_32_BIT_CONVERSION = YES;
				GCC_WARN_ABOUT_RETURN_TYPE = YES_ERROR;
				GCC_WARN_UNDECLARED_SELECTOR = YES;
				GCC_WARN_UNINITIALIZED_AUTOS = YES_AGGRESSIVE;
				GCC_WARN_UNUSED_FUNCTION = YES;
				GCC_WARN_UNUSED_VARIABLE = YES;
				IPHONEOS_DEPLOYMENT_TARGET = 6.0;
				MTL_ENABLE_DEBUG_INFO = YES;
				ONLY_ACTIVE_ARCH = YES;
				SDKROOT = iphoneos;
				TARGETED_DEVICE_FAMILY = "1,2";
			};
			name = Debug;
		};
		D08BDA2D1B412A8400C73757 /* Release */ = {
			isa = XCBuildConfiguration;
			buildSettings = {
				ALWAYS_SEARCH_USER_PATHS = NO;
				CLANG_CXX_LANGUAGE_STANDARD = "gnu++0x";
				CLANG_CXX_LIBRARY = "libc++";
				CLANG_ENABLE_MODULES = YES;
				CLANG_ENABLE_OBJC_ARC = YES;
				CLANG_WARN_BOOL_CONVERSION = YES;
				CLANG_WARN_CONSTANT_CONVERSION = YES;
				CLANG_WARN_DIRECT_OBJC_ISA_USAGE = YES_ERROR;
				CLANG_WARN_EMPTY_BODY = YES;
				CLANG_WARN_ENUM_CONVERSION = YES;
				CLANG_WARN_INT_CONVERSION = YES;
				CLANG_WARN_OBJC_ROOT_CLASS = YES_ERROR;
				CLANG_WARN_UNREACHABLE_CODE = YES;
				CLANG_WARN__DUPLICATE_METHOD_MATCH = YES;
				CODE_SIGN_IDENTITY = "iPhone Developer: Jinghuang Liu (H4ZH7W6LU4)";
				"CODE_SIGN_IDENTITY[sdk=iphoneos*]" = "iPhone Developer: Jinghuang Liu (H4ZH7W6LU4)";
				COPY_PHASE_STRIP = NO;
				DEBUG_INFORMATION_FORMAT = "dwarf-with-dsym";
				ENABLE_BITCODE = NO;
				ENABLE_NS_ASSERTIONS = NO;
				ENABLE_STRICT_OBJC_MSGSEND = YES;
				GCC_C_LANGUAGE_STANDARD = gnu99;
				GCC_NO_COMMON_BLOCKS = YES;
				GCC_WARN_64_TO_32_BIT_CONVERSION = YES;
				GCC_WARN_ABOUT_RETURN_TYPE = YES_ERROR;
				GCC_WARN_UNDECLARED_SELECTOR = YES;
				GCC_WARN_UNINITIALIZED_AUTOS = YES_AGGRESSIVE;
				GCC_WARN_UNUSED_FUNCTION = YES;
				GCC_WARN_UNUSED_VARIABLE = YES;
				IPHONEOS_DEPLOYMENT_TARGET = 6.0;
				MTL_ENABLE_DEBUG_INFO = NO;
				SDKROOT = iphoneos;
				TARGETED_DEVICE_FAMILY = "1,2";
				VALIDATE_PRODUCT = YES;
			};
			name = Release;
		};
		D08BDA2F1B412A8400C73757 /* Debug */ = {
			isa = XCBuildConfiguration;
			buildSettings = {
				ASSETCATALOG_COMPILER_APPICON_NAME = AppIcon;
				CODE_SIGN_IDENTITY = "iPhone Developer";
				"CODE_SIGN_IDENTITY[sdk=iphoneos*]" = "iPhone Developer";
				ENABLE_BITCODE = NO;
				ENABLE_TESTABILITY = NO;
				FRAMEWORK_SEARCH_PATHS = (
					"$(inherited)",
					"$(SRCROOT)/../../ShareSDK/Support/PlatformSDK/QQSDK",
					"$(SRCROOT)/../../ShareSDK",
					"$(SRCROOT)/../../ShareSDK/Support/Required",
					"$(SRCROOT)/../../ShareSDK/Support/Optional",
					"$(SRCROOT)/../../ShareSDK/Support/PlatformSDK/RenRenSDK",
					"$(SRCROOT)/../../ShareSDK/Support/PlatformSDK/KaKaoSDK",
					"$(SRCROOT)/../../ShareSDK/Support/PlatformSDK/FacebookMessengerSDK",
					"$(PROJECT_DIR)/ShareSDK",
					"$(PROJECT_DIR)/ShareSDK/Support/Optional",
					"$(PROJECT_DIR)/ShareSDK/Support/PlatformSDK/FacebookMessengerSDK",
					"$(PROJECT_DIR)/ShareSDK/Support/PlatformSDK/KaKaoSDK",
					"$(PROJECT_DIR)/ShareSDK/Support/PlatformSDK/QQSDK",
					"$(PROJECT_DIR)/ShareSDK/Support/PlatformSDK/RenRenSDK",
					"$(PROJECT_DIR)/ShareSDK/Support/Required",
				);
				INFOPLIST_FILE = test5/Info.plist;
				IPHONEOS_DEPLOYMENT_TARGET = 6.0;
				LD_RUNPATH_SEARCH_PATHS = "$(inherited) @executable_path/Frameworks";
				LIBRARY_SEARCH_PATHS = (
					"$(inherited)",
					"$(SRCROOT)/../../ShareSDK/Support/PlatformSDK/APSocialSDK",
					"$(SRCROOT)/../../ShareSDK/Support/PlatformSDK/SinaWeiboSDK",
					"$(SRCROOT)/../../ShareSDK/Support/PlatformSDK/WeChatSDK",
					"$(SRCROOT)/../../ShareSDK/Support/PlatformSDK/YiXinSDK",
					"$(PROJECT_DIR)/ShareSDK/Support/PlatformSDK/APSocialSDK",
					"$(PROJECT_DIR)/ShareSDK/Support/PlatformSDK/SinaWeiboSDK",
					"$(PROJECT_DIR)/ShareSDK/Support/PlatformSDK/WeChatSDK",
					"$(PROJECT_DIR)/ShareSDK/Support/PlatformSDK/YiXinSDK",
				);
				OTHER_LDFLAGS = "-ObjC";
				PRODUCT_BUNDLE_IDENTIFIER = HankidWang;
				PRODUCT_NAME = test5;
				PROVISIONING_PROFILE = "";
			};
			name = Debug;
		};
		D08BDA301B412A8400C73757 /* Release */ = {
			isa = XCBuildConfiguration;
			buildSettings = {
				ASSETCATALOG_COMPILER_APPICON_NAME = AppIcon;
				CODE_SIGN_IDENTITY = "iPhone Developer";
				"CODE_SIGN_IDENTITY[sdk=iphoneos*]" = "iPhone Developer";
				ENABLE_BITCODE = NO;
				FRAMEWORK_SEARCH_PATHS = (
					"$(inherited)",
					"$(SRCROOT)/../../ShareSDK/Support/PlatformSDK/QQSDK",
					"$(SRCROOT)/../../ShareSDK",
					"$(SRCROOT)/../../ShareSDK/Support/Required",
					"$(SRCROOT)/../../ShareSDK/Support/Optional",
					"$(SRCROOT)/../../ShareSDK/Support/PlatformSDK/RenRenSDK",
					"$(SRCROOT)/../../ShareSDK/Support/PlatformSDK/KaKaoSDK",
					"$(SRCROOT)/../../ShareSDK/Support/PlatformSDK/FacebookMessengerSDK",
					"$(PROJECT_DIR)/ShareSDK",
					"$(PROJECT_DIR)/ShareSDK/Support/Optional",
					"$(PROJECT_DIR)/ShareSDK/Support/PlatformSDK/FacebookMessengerSDK",
					"$(PROJECT_DIR)/ShareSDK/Support/PlatformSDK/KaKaoSDK",
					"$(PROJECT_DIR)/ShareSDK/Support/PlatformSDK/QQSDK",
					"$(PROJECT_DIR)/ShareSDK/Support/PlatformSDK/RenRenSDK",
					"$(PROJECT_DIR)/ShareSDK/Support/Required",
				);
				INFOPLIST_FILE = test5/Info.plist;
				IPHONEOS_DEPLOYMENT_TARGET = 6.0;
				LD_RUNPATH_SEARCH_PATHS = "$(inherited) @executable_path/Frameworks";
				LIBRARY_SEARCH_PATHS = (
					"$(inherited)",
					"$(SRCROOT)/../../ShareSDK/Support/PlatformSDK/APSocialSDK",
					"$(SRCROOT)/../../ShareSDK/Support/PlatformSDK/SinaWeiboSDK",
					"$(SRCROOT)/../../ShareSDK/Support/PlatformSDK/WeChatSDK",
					"$(SRCROOT)/../../ShareSDK/Support/PlatformSDK/YiXinSDK",
					"$(PROJECT_DIR)/ShareSDK/Support/PlatformSDK/APSocialSDK",
					"$(PROJECT_DIR)/ShareSDK/Support/PlatformSDK/SinaWeiboSDK",
					"$(PROJECT_DIR)/ShareSDK/Support/PlatformSDK/WeChatSDK",
					"$(PROJECT_DIR)/ShareSDK/Support/PlatformSDK/YiXinSDK",
				);
				OTHER_LDFLAGS = "-ObjC";
				PRODUCT_BUNDLE_IDENTIFIER = HankidWang;
				PRODUCT_NAME = test5;
				PROVISIONING_PROFILE = "";
			};
			name = Release;
		};
/* End XCBuildConfiguration section */

/* Begin XCConfigurationList section */
		D08BDA061B412A8400C73757 /* Build configuration list for PBXProject "test5" */ = {
			isa = XCConfigurationList;
			buildConfigurations = (
				D08BDA2C1B412A8400C73757 /* Debug */,
				D08BDA2D1B412A8400C73757 /* Release */,
			);
			defaultConfigurationIsVisible = 0;
			defaultConfigurationName = Release;
		};
		D08BDA2E1B412A8400C73757 /* Build configuration list for PBXNativeTarget "test5" */ = {
			isa = XCConfigurationList;
			buildConfigurations = (
				D08BDA2F1B412A8400C73757 /* Debug */,
				D08BDA301B412A8400C73757 /* Release */,
			);
			defaultConfigurationIsVisible = 0;
			defaultConfigurationName = Release;
		};
/* End XCConfigurationList section */
	};
	rootObject = D08BDA031B412A8400C73757 /* Project object */;
}
