// !$*UTF8*$!
{
	archiveVersion = 1;
	classes = {
	};
	objectVersion = 46;
	objects = {

/* Begin PBXBuildFile section */
		56F9CE0C1CB4B22E006ED85C /* main.m in Sources */ = {isa = PBXBuildFile; fileRef = 56F9CE0B1CB4B22E006ED85C /* main.m */; };
		56F9CE141CB4B25F006ED85C /* Square.m in Sources */ = {isa = PBXBuildFile; fileRef = 56F9CE131CB4B25F006ED85C /* Square.m */; };
/* End PBXBuildFile section */

/* Begin PBXCopyFilesBuildPhase section */
		56F9CE061CB4B22E006ED85C /* CopyFiles */ = {
			isa = PBXCopyFilesBuildPhase;
			buildActionMask = 2147483647;
			dstPath = /usr/share/man/man1/;
			dstSubfolderSpec = 0;
			files = (
			);
			runOnlyForDeploymentPostprocessing = 1;
		};
/* End PBXCopyFilesBuildPhase section */

/* Begin PBXFileReference section */
		56F9CE081CB4B22E006ED85C /* wch_10.7-2 */ = {isa = PBXFileReference; explicitFileType = "compiled.mach-o.executable"; includeInIndex = 0; path = "wch_10.7-2"; sourceTree = BUILT_PRODUCTS_DIR; };
		56F9CE0B1CB4B22E006ED85C /* main.m */ = {isa = PBXFileReference; lastKnownFileType = sourcecode.c.objc; path = main.m; sourceTree = "<group>"; };
		56F9CE121CB4B25F006ED85C /* Square.h */ = {isa = PBXFileReference; fileEncoding = 4; lastKnownFileType = sourcecode.c.h; path = Square.h; sourceTree = "<group>"; };
		56F9CE131CB4B25F006ED85C /* Square.m */ = {isa = PBXFileReference; fileEncoding = 4; lastKnownFileType = sourcecode.c.objc; path = Square.m; sourceTree = "<group>"; };
/* End PBXFileReference section */

/* Begin PBXFrameworksBuildPhase section */
		56F9CE051CB4B22E006ED85C /* Frameworks */ = {
			isa = PBXFrameworksBuildPhase;
			buildActionMask = 2147483647;
			files = (
			);
			runOnlyForDeploymentPostprocessing = 0;
		};
/* End PBXFrameworksBuildPhase section */

/* Begin PBXGroup section */
		56F9CDFF1CB4B22E006ED85C = {
			isa = PBXGroup;
			children = (
				56F9CE0A1CB4B22E006ED85C /* wch_10.7-2 */,
				56F9CE091CB4B22E006ED85C /* Products */,
			);
			sourceTree = "<group>";
		};
		56F9CE091CB4B22E006ED85C /* Products */ = {
			isa = PBXGroup;
			children = (
				56F9CE081CB4B22E006ED85C /* wch_10.7-2 */,
			);
			name = Products;
			sourceTree = "<group>";
		};
		56F9CE0A1CB4B22E006ED85C /* wch_10.7-2 */ = {
			isa = PBXGroup;
			children = (
				56F9CE0B1CB4B22E006ED85C /* main.m */,
				56F9CE121CB4B25F006ED85C /* Square.h */,
				56F9CE131CB4B25F006ED85C /* Square.m */,
			);
			path = "wch_10.7-2";
			sourceTree = "<group>";
		};
/* End PBXGroup section */

/* Begin PBXNativeTarget section */
		56F9CE071CB4B22E006ED85C /* wch_10.7-2 */ = {
			isa = PBXNativeTarget;
			buildConfigurationList = 56F9CE0F1CB4B22E006ED85C /* Build configuration list for PBXNativeTarget "wch_10.7-2" */;
			buildPhases = (
				56F9CE041CB4B22E006ED85C /* Sources */,
				56F9CE051CB4B22E006ED85C /* Frameworks */,
				56F9CE061CB4B22E006ED85C /* CopyFiles */,
			);
			buildRules = (
			);
			dependencies = (
			);
			name = "wch_10.7-2";
			productName = "wch_10.7-2";
			productReference = 56F9CE081CB4B22E006ED85C /* wch_10.7-2 */;
			productType = "com.apple.product-type.tool";
		};
/* End PBXNativeTarget section */

/* Begin PBXProject section */
		56F9CE001CB4B22E006ED85C /* Project object */ = {
			isa = PBXProject;
			attributes = {
				LastUpgradeCheck = 0730;
				ORGANIZATIONNAME = "Hankid Wang";
				TargetAttributes = {
					56F9CE071CB4B22E006ED85C = {
						CreatedOnToolsVersion = 7.3;
					};
				};
			};
			buildConfigurationList = 56F9CE031CB4B22E006ED85C /* Build configuration list for PBXProject "wch_10.7-2" */;
			compatibilityVersion = "Xcode 3.2";
			developmentRegion = English;
			hasScannedForEncodings = 0;
			knownRegions = (
				en,
			);
			mainGroup = 56F9CDFF1CB4B22E006ED85C;
			productRefGroup = 56F9CE091CB4B22E006ED85C /* Products */;
			projectDirPath = "";
			projectRoot = "";
			targets = (
				56F9CE071CB4B22E006ED85C /* wch_10.7-2 */,
			);
		};
/* End PBXProject section */

/* Begin PBXSourcesBuildPhase section */
		56F9CE041CB4B22E006ED85C /* Sources */ = {
			isa = PBXSourcesBuildPhase;
			buildActionMask = 2147483647;
			files = (
				56F9CE141CB4B25F006ED85C /* Square.m in Sources */,
				56F9CE0C1CB4B22E006ED85C /* main.m in Sources */,
			);
			runOnlyForDeploymentPostprocessing = 0;
		};
/* End PBXSourcesBuildPhase section */

/* Begin XCBuildConfiguration section */
		56F9CE0D1CB4B22E006ED85C /* Debug */ = {
			isa = XCBuildConfiguration;
			buildSettings = {
				ALWAYS_SEARCH_USER_PATHS = NO;
				CLANG_ANALYZER_NONNULL = YES;
				CLANG_CXX_LANGUAGE_STANDARD = "gnu++0x";
				CLANG_CXX_LIBRARY = "libc++";
				CLANG_ENABLE_MODULES = YES;
				CLANG_ENABLE_OBJC_ARC = YES;
				CLANG_WARN_BOOL_CONVERSION = YES;
				CLANG_WARN_CONSTANT_CONVERSION = YES;
				CLANG_WARN_DIRECT_OBJC_ISA_USAGE = YES_ERROR;
				CLANG_WARN_EMPTY_BODY = YES;
				CLANG_WARN_ENUM_CONVERSION = YES;
				CLANG_WARN_INT_CONVERSION = YES;
				CLANG_WARN_OBJC_ROOT_CLASS = YES_ERROR;
				CLANG_WARN_UNREACHABLE_CODE = YES;
				CLANG_WARN__DUPLICATE_METHOD_MATCH = YES;
				CODE_SIGN_IDENTITY = "-";
				COPY_PHASE_STRIP = NO;
				DEBUG_INFORMATION_FORMAT = dwarf;
				ENABLE_STRICT_OBJC_MSGSEND = YES;
				ENABLE_TESTABILITY = YES;
				GCC_C_LANGUAGE_STANDARD = gnu99;
				GCC_DYNAMIC_NO_PIC = NO;
				GCC_NO_COMMON_BLOCKS = YES;
				GCC_OPTIMIZATION_LEVEL = 0;
				GCC_PREPROCESSOR_DEFINITIONS = (
					"DEBUG=1",
					"$(inherited)",
				);
				GCC_WARN_64_TO_32_BIT_CONVERSION = YES;
				GCC_WARN_ABOUT_RETURN_TYPE = YES_ERROR;
				GCC_WARN_UNDECLARED_SELECTOR = YES;
				GCC_WARN_UNINITIALIZED_AUTOS = YES_AGGRESSIVE;
				GCC_WARN_UNUSED_FUNCTION = YES;
				GCC_WARN_UNUSED_VARIABLE = YES;
				MACOSX_DEPLOYMENT_TARGET = 10.11;
				MTL_ENABLE_DEBUG_INFO = YES;
				ONLY_ACTIVE_ARCH = YES;
				SDKROOT = macosx;
			};
			name = Debug;
		};
		56F9CE0E1CB4B22E006ED85C /* Release */ = {
			isa = XCBuildConfiguration;
			buildSettings = {
				ALWAYS_SEARCH_USER_PATHS = NO;
				CLANG_ANALYZER_NONNULL = YES;
				CLANG_CXX_LANGUAGE_STANDARD = "gnu++0x";
				CLANG_CXX_LIBRARY = "libc++";
				CLANG_ENABLE_MODULES = YES;
				CLANG_ENABLE_OBJC_ARC = YES;
				CLANG_WARN_BOOL_CONVERSION = YES;
				CLANG_WARN_CONSTANT_CONVERSION = YES;
				CLANG_WARN_DIRECT_OBJC_ISA_USAGE = YES_ERROR;
				CLANG_WARN_EMPTY_BODY = YES;
				CLANG_WARN_ENUM_CONVERSION = YES;
				CLANG_WARN_INT_CONVERSION = YES;
				CLANG_WARN_OBJC_ROOT_CLASS = YES_ERROR;
				CLANG_WARN_UNREACHABLE_CODE = YES;
				CLANG_WARN__DUPLICATE_METHOD_MATCH = YES;
				CODE_SIGN_IDENTITY = "-";
				COPY_PHASE_STRIP = NO;
				DEBUG_INFORMATION_FORMAT = "dwarf-with-dsym";
				ENABLE_NS_ASSERTIONS = NO;
				ENABLE_STRICT_OBJC_MSGSEND = YES;
				GCC_C_LANGUAGE_STANDARD = gnu99;
				GCC_NO_COMMON_BLOCKS = YES;
				GCC_WARN_64_TO_32_BIT_CONVERSION = YES;
				GCC_WARN_ABOUT_RETURN_TYPE = YES_ERROR;
				GCC_WARN_UNDECLARED_SELECTOR = YES;
				GCC_WARN_UNINITIALIZED_AUTOS = YES_AGGRESSIVE;
				GCC_WARN_UNUSED_FUNCTION = YES;
				GCC_WARN_UNUSED_VARIABLE = YES;
				MACOSX_DEPLOYMENT_TARGET = 10.11;
				MTL_ENABLE_DEBUG_INFO = NO;
				SDKROOT = macosx;
			};
			name = Release;
		};
		56F9CE101CB4B22E006ED85C /* Debug */ = {
			isa = XCBuildConfiguration;
			buildSettings = {
				PRODUCT_NAME = "$(TARGET_NAME)";
			};
			name = Debug;
		};
		56F9CE111CB4B22E006ED85C /* Release */ = {
			isa = XCBuildConfiguration;
			buildSettings = {
				PRODUCT_NAME = "$(TARGET_NAME)";
			};
			name = Release;
		};
/* End XCBuildConfiguration section */

/* Begin XCConfigurationList section */
		56F9CE031CB4B22E006ED85C /* Build configuration list for PBXProject "wch_10.7-2" */ = {
			isa = XCConfigurationList;
			buildConfigurations = (
				56F9CE0D1CB4B22E006ED85C /* Debug */,
				56F9CE0E1CB4B22E006ED85C /* Release */,
			);
			defaultConfigurationIsVisible = 0;
			defaultConfigurationName = Release;
		};
		56F9CE0F1CB4B22E006ED85C /* Build configuration list for PBXNativeTarget "wch_10.7-2" */ = {
			isa = XCConfigurationList;
			buildConfigurations = (
				56F9CE101CB4B22E006ED85C /* Debug */,
				56F9CE111CB4B22E006ED85C /* Release */,
			);
			defaultConfigurationIsVisible = 0;
		};
/* End XCConfigurationList section */
	};
	rootObject = 56F9CE001CB4B22E006ED85C /* Project object */;
}
